{
  "requires": true,
  "lockfileVersion": 1,
  "dependencies": {
    "cordova-plugin-call-number": {
      "version": "1.0.1",
      "resolved": "https://registry.npmjs.org/cordova-plugin-call-number/-/cordova-plugin-call-number-1.0.1.tgz",
      "integrity": "sha1-3ZZDv6KzNKbGix5kqpYp5iJ8WfE="
    }
  }
}
